
Microsoft Visual Studio Solution File, Format Version 12.00
# Visual Studio Version 17
VisualStudioVersion = 17.5.002.0
MinimumVisualStudioVersion = 10.0.40219.1
Project("{9A19103F-16F7-4668-BE54-9A1E7A4F7556}") = "Calculator", "Calculator.csproj", "{68D51CBF-F855-4D68-B970-F6AA75EE76F7}"
EndProject
Global
	GlobalSection(SolutionConfigurationPlatforms) = preSolution
		Debug|Any CPU = Debug|Any CPU
		Release|Any CPU = Release|Any CPU
	EndGlobalSection
	GlobalSection(ProjectConfigurationPlatforms) = postSolution
		{68D51CBF-F855-4D68-B970-F6AA75EE76F7}.Debug|Any CPU.ActiveCfg = Debug|Any CPU
		{68D51CBF-F855-4D68-B970-F6AA75EE76F7}.Debug|Any CPU.Build.0 = Debug|Any CPU
		{68D51CBF-F855-4D68-B970-F6AA75EE76F7}.Release|Any CPU.ActiveCfg = Release|Any CPU
		{68D51CBF-F855-4D68-B970-F6AA75EE76F7}.Release|Any CPU.Build.0 = Release|Any CPU
	EndGlobalSection
	GlobalSection(SolutionProperties) = preSolution
		HideSolutionNode = FALSE
	EndGlobalSection
	GlobalSection(ExtensibilityGlobals) = postSolution
		SolutionGuid = {8E470354-4A8E-4CB5-AAE3-EC33E43D0739}
	EndGlobalSection
EndGlobal
